Microsoft Visual Studio Solution File, Format Version 11.00
# Visual Studio 2008

Project("{7A842B54-90D3-5938-87F2-52F57459EFF1}") = "visualizer", "Assembly-CSharp.csproj", "{E59C3AEA-1FA2-277D-8EB4-35744D721800}"
EndProject
Global
	GlobalSection(SolutionConfigurationPlatforms) = preSolution
		Debug|Any CPU = Debug|Any CPU
		Release|Any CPU = Release|Any CPU
	EndGlobalSection
	GlobalSection(ProjectConfigurationPlatforms) = postSolution
		{E59C3AEA-1FA2-277D-8EB4-35744D721800}.Debug|Any CPU.ActiveCfg = Debug|Any CPU
		{E59C3AEA-1FA2-277D-8EB4-35744D721800}.Debug|Any CPU.Build.0 = Debug|Any CPU
		{E59C3AEA-1FA2-277D-8EB4-35744D721800}.Release|Any CPU.ActiveCfg = Release|Any CPU
		{E59C3AEA-1FA2-277D-8EB4-35744D721800}.Release|Any CPU.Build.0 = Release|Any CPU
	EndGlobalSection
	GlobalSection(SolutionProperties) = preSolution
		HideSolutionNode = FALSE
	EndGlobalSection
	GlobalSection(MonoDevelopProperties) = preSolution
		StartupItem = Assembly-CSharp.csproj
	EndGlobalSection
EndGlobal
